
Microsoft Visual Studio Solution File, Format Version 12.00
# Visual Studio Version 17
VisualStudioVersion = 17.2.32616.157
MinimumVisualStudioVersion = 10.0.40219.1
Project("{FAE04EC0-301F-11D3-BF4B-00C04F79EFBC}") = "projet_test_nael", "projet_test_nael\projet_test_nael.csproj", "{7E863D1F-144A-4F80-8908-FBD57078B5AB}"
EndProject
Global
	GlobalSection(SolutionConfigurationPlatforms) = preSolution
		Debug|Any CPU = Debug|Any CPU
		Release|Any CPU = Release|Any CPU
	EndGlobalSection
	GlobalSection(ProjectConfigurationPlatforms) = postSolution
		{7E863D1F-144A-4F80-8908-FBD57078B5AB}.Debug|Any CPU.ActiveCfg = Debug|Any CPU
		{7E863D1F-144A-4F80-8908-FBD57078B5AB}.Debug|Any CPU.Build.0 = Debug|Any CPU
		{7E863D1F-144A-4F80-8908-FBD57078B5AB}.Release|Any CPU.ActiveCfg = Release|Any CPU
		{7E863D1F-144A-4F80-8908-FBD57078B5AB}.Release|Any CPU.Build.0 = Release|Any CPU
	EndGlobalSection
	GlobalSection(SolutionProperties) = preSolution
		HideSolutionNode = FALSE
	EndGlobalSection
	GlobalSection(ExtensibilityGlobals) = postSolution
		SolutionGuid = {7F8C1495-AAF7-455E-816F-210988943B2A}
	EndGlobalSection
EndGlobal
